// !$*UTF8*$!
{
	archiveVersion = 1;
	classes = {
	};
	objectVersion = 46;
	objects = {

/* Begin PBXBuildFile section */
		A6B0F42F1BB1533E00C263B4 /* AppDelegate.swift in Sources */ = {isa = PBXBuildFile; fileRef = A6B0F42E1BB1533E00C263B4 /* AppDelegate.swift */; };
		A6B0F4311BB1533E00C263B4 /* ViewController.swift in Sources */ = {isa = PBXBuildFile; fileRef = A6B0F4301BB1533E00C263B4 /* ViewController.swift */; };
		A6B0F4341BB1533E00C263B4 /* Main.storyboard in Resources */ = {isa = PBXBuildFile; fileRef = A6B0F4321BB1533E00C263B4 /* Main.storyboard */; };
		A6B0F4361BB1533E00C263B4 /* Assets.xcassets in Resources */ = {isa = PBXBuildFile; fileRef = A6B0F4351BB1533E00C263B4 /* Assets.xcassets */; };
		A6B0F4391BB1533E00C263B4 /* LaunchScreen.storyboard in Resources */ = {isa = PBXBuildFile; fileRef = A6B0F4371BB1533E00C263B4 /* LaunchScreen.storyboard */; };
		A6B0F4441BB1533E00C263B4 /* StudySwiftByXcode7_5Tests.swift in Sources */ = {isa = PBXBuildFile; fileRef = A6B0F4431BB1533E00C263B4 /* StudySwiftByXcode7_5Tests.swift */; };
		A6B0F44F1BB1533E00C263B4 /* StudySwiftByXcode7_5UITests.swift in Sources */ = {isa = PBXBuildFile; fileRef = A6B0F44E1BB1533E00C263B4 /* StudySwiftByXcode7_5UITests.swift */; };
/* End PBXBuildFile section */

/* Begin PBXContainerItemProxy section */
		A6B0F4401BB1533E00C263B4 /* PBXContainerItemProxy */ = {
			isa = PBXContainerItemProxy;
			containerPortal = A6B0F4231BB1533E00C263B4 /* Project object */;
			proxyType = 1;
			remoteGlobalIDString = A6B0F42A1BB1533E00C263B4;
			remoteInfo = StudySwiftByXcode7_5;
		};
		A6B0F44B1BB1533E00C263B4 /* PBXContainerItemProxy */ = {
			isa = PBXContainerItemProxy;
			containerPortal = A6B0F4231BB1533E00C263B4 /* Project object */;
			proxyType = 1;
			remoteGlobalIDString = A6B0F42A1BB1533E00C263B4;
			remoteInfo = StudySwiftByXcode7_5;
		};
/* End PBXContainerItemProxy section */

/* Begin PBXFileReference section */
		A6B0F42B1BB1533E00C263B4 /* StudySwiftByXcode7_5.app */ = {isa = PBXFileReference; explicitFileType = wrapper.application; includeInIndex = 0; path = StudySwiftByXcode7_5.app; sourceTree = BUILT_PRODUCTS_DIR; };
		A6B0F42E1BB1533E00C263B4 /* AppDelegate.swift */ = {isa = PBXFileReference; lastKnownFileType = sourcecode.swift; path = AppDelegate.swift; sourceTree = "<group>"; };
		A6B0F4301BB1533E00C263B4 /* ViewController.swift */ = {isa = PBXFileReference; lastKnownFileType = sourcecode.swift; path = ViewController.swift; sourceTree = "<group>"; };
		A6B0F4331BB1533E00C263B4 /* Base */ = {isa = PBXFileReference; lastKnownFileType = file.storyboard; name = Base; path = Base.lproj/Main.storyboard; sourceTree = "<group>"; };
		A6B0F4351BB1533E00C263B4 /* Assets.xcassets */ = {isa = PBXFileReference; lastKnownFileType = folder.assetcatalog; path = Assets.xcassets; sourceTree = "<group>"; };
		A6B0F4381BB1533E00C263B4 /* Base */ = {isa = PBXFileReference; lastKnownFileType = file.storyboard; name = Base; path = Base.lproj/LaunchScreen.storyboard; sourceTree = "<group>"; };
		A6B0F43A1BB1533E00C263B4 /* Info.plist */ = {isa = PBXFileReference; lastKnownFileType = text.plist.xml; path = Info.plist; sourceTree = "<group>"; };
		A6B0F43F1BB1533E00C263B4 /* StudySwiftByXcode7_5Tests.xctest */ = {isa = PBXFileReference; explicitFileType = wrapper.cfbundle; includeInIndex = 0; path = StudySwiftByXcode7_5Tests.xctest; sourceTree = BUILT_PRODUCTS_DIR; };
		A6B0F4431BB1533E00C263B4 /* StudySwiftByXcode7_5Tests.swift */ = {isa = PBXFileReference; lastKnownFileType = sourcecode.swift; path = StudySwiftByXcode7_5Tests.swift; sourceTree = "<group>"; };
		A6B0F4451BB1533E00C263B4 /* Info.plist */ = {isa = PBXFileReference; lastKnownFileType = text.plist.xml; path = Info.plist; sourceTree = "<group>"; };
		A6B0F44A1BB1533E00C263B4 /* StudySwiftByXcode7_5UITests.xctest */ = {isa = PBXFileReference; explicitFileType = wrapper.cfbundle; includeInIndex = 0; path = StudySwiftByXcode7_5UITests.xctest; sourceTree = BUILT_PRODUCTS_DIR; };
		A6B0F44E1BB1533E00C263B4 /* StudySwiftByXcode7_5UITests.swift */ = {isa = PBXFileReference; lastKnownFileType = sourcecode.swift; path = StudySwiftByXcode7_5UITests.swift; sourceTree = "<group>"; };
		A6B0F4501BB1533E00C263B4 /* Info.plist */ = {isa = PBXFileReference; lastKnownFileType = text.plist.xml; path = Info.plist; sourceTree = "<group>"; };
/* End PBXFileReference section */

/* Begin PBXFrameworksBuildPhase section */
		A6B0F4281BB1533E00C263B4 /* Frameworks */ = {
			isa = PBXFrameworksBuildPhase;
			buildActionMask = 2147483647;
			files = (
			);
			runOnlyForDeploymentPostprocessing = 0;
		};
		A6B0F43C1BB1533E00C263B4 /* Frameworks */ = {
			isa = PBXFrameworksBuildPhase;
			buildActionMask = 2147483647;
			files = (
			);
			runOnlyForDeploymentPostprocessing = 0;
		};
		A6B0F4471BB1533E00C263B4 /* Frameworks */ = {
			isa = PBXFrameworksBuildPhase;
			buildActionMask = 2147483647;
			files = (
			);
			runOnlyForDeploymentPostprocessing = 0;
		};
/* End PBXFrameworksBuildPhase section */

/* Begin PBXGroup section */
		A6B0F4221BB1533E00C263B4 = {
			isa = PBXGroup;
			children = (
				A6B0F42D1BB1533E00C263B4 /* StudySwiftByXcode7_5 */,
				A6B0F4421BB1533E00C263B4 /* StudySwiftByXcode7_5Tests */,
				A6B0F44D1BB1533E00C263B4 /* StudySwiftByXcode7_5UITests */,
				A6B0F42C1BB1533E00C263B4 /* Products */,
			);
			sourceTree = "<group>";
		};
		A6B0F42C1BB1533E00C263B4 /* Products */ = {
			isa = PBXGroup;
			children = (
				A6B0F42B1BB1533E00C263B4 /* StudySwiftByXcode7_5.app */,
				A6B0F43F1BB1533E00C263B4 /* StudySwiftByXcode7_5Tests.xctest */,
				A6B0F44A1BB1533E00C263B4 /* StudySwiftByXcode7_5UITests.xctest */,
			);
			name = Products;
			sourceTree = "<group>";
		};
		A6B0F42D1BB1533E00C263B4 /* StudySwiftByXcode7_5 */ = {
			isa = PBXGroup;
			children = (
				A6B0F42E1BB1533E00C263B4 /* AppDelegate.swift */,
				A6B0F4301BB1533E00C263B4 /* ViewController.swift */,
				A6B0F4321BB1533E00C263B4 /* Main.storyboard */,
				A6B0F4351BB1533E00C263B4 /* Assets.xcassets */,
				A6B0F4371BB1533E00C263B4 /* LaunchScreen.storyboard */,
				A6B0F43A1BB1533E00C263B4 /* Info.plist */,
			);
			path = StudySwiftByXcode7_5;
			sourceTree = "<group>";
		};
		A6B0F4421BB1533E00C263B4 /* StudySwiftByXcode7_5Tests */ = {
			isa = PBXGroup;
			children = (
				A6B0F4431BB1533E00C263B4 /* StudySwiftByXcode7_5Tests.swift */,
				A6B0F4451BB1533E00C263B4 /* Info.plist */,
			);
			path = StudySwiftByXcode7_5Tests;
			sourceTree = "<group>";
		};
		A6B0F44D1BB1533E00C263B4 /* StudySwiftByXcode7_5UITests */ = {
			isa = PBXGroup;
			children = (
				A6B0F44E1BB1533E00C263B4 /* StudySwiftByXcode7_5UITests.swift */,
				A6B0F4501BB1533E00C263B4 /* Info.plist */,
			);
			path = StudySwiftByXcode7_5UITests;
			sourceTree = "<group>";
		};
/* End PBXGroup section */

/* Begin PBXNativeTarget section */
		A6B0F42A1BB1533E00C263B4 /* StudySwiftByXcode7_5 */ = {
			isa = PBXNativeTarget;
			buildConfigurationList = A6B0F4531BB1533E00C263B4 /* Build configuration list for PBXNativeTarget "StudySwiftByXcode7_5" */;
			buildPhases = (
				A6B0F4271BB1533E00C263B4 /* Sources */,
				A6B0F4281BB1533E00C263B4 /* Frameworks */,
				A6B0F4291BB1533E00C263B4 /* Resources */,
			);
			buildRules = (
			);
			dependencies = (
			);
			name = StudySwiftByXcode7_5;
			productName = StudySwiftByXcode7_5;
			productReference = A6B0F42B1BB1533E00C263B4 /* StudySwiftByXcode7_5.app */;
			productType = "com.apple.product-type.application";
		};
		A6B0F43E1BB1533E00C263B4 /* StudySwiftByXcode7_5Tests */ = {
			isa = PBXNativeTarget;
			buildConfigurationList = A6B0F4561BB1533E00C263B4 /* Build configuration list for PBXNativeTarget "StudySwiftByXcode7_5Tests" */;
			buildPhases = (
				A6B0F43B1BB1533E00C263B4 /* Sources */,
				A6B0F43C1BB1533E00C263B4 /* Frameworks */,
				A6B0F43D1BB1533E00C263B4 /* Resources */,
			);
			buildRules = (
			);
			dependencies = (
				A6B0F4411BB1533E00C263B4 /* PBXTargetDependency */,
			);
			name = StudySwiftByXcode7_5Tests;
			productName = StudySwiftByXcode7_5Tests;
			productReference = A6B0F43F1BB1533E00C263B4 /* StudySwiftByXcode7_5Tests.xctest */;
			productType = "com.apple.product-type.bundle.unit-test";
		};
		A6B0F4491BB1533E00C263B4 /* StudySwiftByXcode7_5UITests */ = {
			isa = PBXNativeTarget;
			buildConfigurationList = A6B0F4591BB1533E00C263B4 /* Build configuration list for PBXNativeTarget "StudySwiftByXcode7_5UITests" */;
			buildPhases = (
				A6B0F4461BB1533E00C263B4 /* Sources */,
				A6B0F4471BB1533E00C263B4 /* Frameworks */,
				A6B0F4481BB1533E00C263B4 /* Resources */,
			);
			buildRules = (
			);
			dependencies = (
				A6B0F44C1BB1533E00C263B4 /* PBXTargetDependency */,
			);
			name = StudySwiftByXcode7_5UITests;
			productName = StudySwiftByXcode7_5UITests;
			productReference = A6B0F44A1BB1533E00C263B4 /* StudySwiftByXcode7_5UITests.xctest */;
			productType = "com.apple.product-type.bundle.ui-testing";
		};
/* End PBXNativeTarget section */

/* Begin PBXProject section */
		A6B0F4231BB1533E00C263B4 /* Project object */ = {
			isa = PBXProject;
			attributes = {
				LastUpgradeCheck = 0700;
				ORGANIZATIONNAME = ShenYan;
				TargetAttributes = {
					A6B0F42A1BB1533E00C263B4 = {
						CreatedOnToolsVersion = 7.0;
						DevelopmentTeam = 2C8HUS2ALF;
					};
					A6B0F43E1BB1533E00C263B4 = {
						CreatedOnToolsVersion = 7.0;
						DevelopmentTeam = 2C8HUS2ALF;
						TestTargetID = A6B0F42A1BB1533E00C263B4;
					};
					A6B0F4491BB1533E00C263B4 = {
						CreatedOnToolsVersion = 7.0;
						DevelopmentTeam = 2C8HUS2ALF;
						TestTargetID = A6B0F42A1BB1533E00C263B4;
					};
				};
			};
			buildConfigurationList = A6B0F4261BB1533E00C263B4 /* Build configuration list for PBXProject "StudySwiftByXcode7_5" */;
			compatibilityVersion = "Xcode 3.2";
			developmentRegion = English;
			hasScannedForEncodings = 0;
			knownRegions = (
				en,
				Base,
			);
			mainGroup = A6B0F4221BB1533E00C263B4;
			productRefGroup = A6B0F42C1BB1533E00C263B4 /* Products */;
			projectDirPath = "";
			projectRoot = "";
			targets = (
				A6B0F42A1BB1533E00C263B4 /* StudySwiftByXcode7_5 */,
				A6B0F43E1BB1533E00C263B4 /* StudySwiftByXcode7_5Tests */,
				A6B0F4491BB1533E00C263B4 /* StudySwiftByXcode7_5UITests */,
			);
		};
/* End PBXProject section */

/* Begin PBXResourcesBuildPhase section */
		A6B0F4291BB1533E00C263B4 /* Resources */ = {
			isa = PBXResourcesBuildPhase;
			buildActionMask = 2147483647;
			files = (
				A6B0F4391BB1533E00C263B4 /* LaunchScreen.storyboard in Resources */,
				A6B0F4361BB1533E00C263B4 /* Assets.xcassets in Resources */,
				A6B0F4341BB1533E00C263B4 /* Main.storyboard in Resources */,
			);
			runOnlyForDeploymentPostprocessing = 0;
		};
		A6B0F43D1BB1533E00C263B4 /* Resources */ = {
			isa = PBXResourcesBuildPhase;
			buildActionMask = 2147483647;
			files = (
			);
			runOnlyForDeploymentPostprocessing = 0;
		};
		A6B0F4481BB1533E00C263B4 /* Resources */ = {
			isa = PBXResourcesBuildPhase;
			buildActionMask = 2147483647;
			files = (
			);
			runOnlyForDeploymentPostprocessing = 0;
		};
/* End PBXResourcesBuildPhase section */

/* Begin PBXSourcesBuildPhase section */
		A6B0F4271BB1533E00C263B4 /* Sources */ = {
			isa = PBXSourcesBuildPhase;
			buildActionMask = 2147483647;
			files = (
				A6B0F4311BB1533E00C263B4 /* ViewController.swift in Sources */,
				A6B0F42F1BB1533E00C263B4 /* AppDelegate.swift in Sources */,
			);
			runOnlyForDeploymentPostprocessing = 0;
		};
		A6B0F43B1BB1533E00C263B4 /* Sources */ = {
			isa = PBXSourcesBuildPhase;
			buildActionMask = 2147483647;
			files = (
				A6B0F4441BB1533E00C263B4 /* StudySwiftByXcode7_5Tests.swift in Sources */,
			);
			runOnlyForDeploymentPostprocessing = 0;
		};
		A6B0F4461BB1533E00C263B4 /* Sources */ = {
			isa = PBXSourcesBuildPhase;
			buildActionMask = 2147483647;
			files = (
				A6B0F44F1BB1533E00C263B4 /* StudySwiftByXcode7_5UITests.swift in Sources */,
			);
			runOnlyForDeploymentPostprocessing = 0;
		};
/* End PBXSourcesBuildPhase section */

/* Begin PBXTargetDependency section */
		A6B0F4411BB1533E00C263B4 /* PBXTargetDependency */ = {
			isa = PBXTargetDependency;
			target = A6B0F42A1BB1533E00C263B4 /* StudySwiftByXcode7_5 */;
			targetProxy = A6B0F4401BB1533E00C263B4 /* PBXContainerItemProxy */;
		};
		A6B0F44C1BB1533E00C263B4 /* PBXTargetDependency */ = {
			isa = PBXTargetDependency;
			target = A6B0F42A1BB1533E00C263B4 /* StudySwiftByXcode7_5 */;
			targetProxy = A6B0F44B1BB1533E00C263B4 /* PBXContainerItemProxy */;
		};
/* End PBXTargetDependency section */

/* Begin PBXVariantGroup section */
		A6B0F4321BB1533E00C263B4 /* Main.storyboard */ = {
			isa = PBXVariantGroup;
			children = (
				A6B0F4331BB1533E00C263B4 /* Base */,
			);
			name = Main.storyboard;
			sourceTree = "<group>";
		};
		A6B0F4371BB1533E00C263B4 /* LaunchScreen.storyboard */ = {
			isa = PBXVariantGroup;
			children = (
				A6B0F4381BB1533E00C263B4 /* Base */,
			);
			name = LaunchScreen.storyboard;
			sourceTree = "<group>";
		};
/* End PBXVariantGroup section */

/* Begin XCBuildConfiguration section */
		A6B0F4511BB1533E00C263B4 /* Debug */ = {
			isa = XCBuildConfiguration;
			buildSettings = {
				ALWAYS_SEARCH_USER_PATHS = NO;
				CLANG_CXX_LANGUAGE_STANDARD = "gnu++0x";
				CLANG_CXX_LIBRARY = "libc++";
				CLANG_ENABLE_MODULES = YES;
				CLANG_ENABLE_OBJC_ARC = YES;
				CLANG_WARN_BOOL_CONVERSION = YES;
				CLANG_WARN_CONSTANT_CONVERSION = YES;
				CLANG_WARN_DIRECT_OBJC_ISA_USAGE = YES_ERROR;
				CLANG_WARN_EMPTY_BODY = YES;
				CLANG_WARN_ENUM_CONVERSION = YES;
				CLANG_WARN_INT_CONVERSION = YES;
				CLANG_WARN_OBJC_ROOT_CLASS = YES_ERROR;
				CLANG_WARN_UNREACHABLE_CODE = YES;
				CLANG_WARN__DUPLICATE_METHOD_MATCH = YES;
				"CODE_SIGN_IDENTITY[sdk=iphoneos*]" = "iPhone Developer";
				COPY_PHASE_STRIP = NO;
				DEBUG_INFORMATION_FORMAT = dwarf;
				ENABLE_STRICT_OBJC_MSGSEND = YES;
				ENABLE_TESTABILITY = YES;
				GCC_C_LANGUAGE_STANDARD = gnu99;
				GCC_DYNAMIC_NO_PIC = NO;
				GCC_NO_COMMON_BLOCKS = YES;
				GCC_OPTIMIZATION_LEVEL = 0;
				GCC_PREPROCESSOR_DEFINITIONS = (
					"DEBUG=1",
					"$(inherited)",
				);
				GCC_WARN_64_TO_32_BIT_CONVERSION = YES;
				GCC_WARN_ABOUT_RETURN_TYPE = YES_ERROR;
				GCC_WARN_UNDECLARED_SELECTOR = YES;
				GCC_WARN_UNINITIALIZED_AUTOS = YES_AGGRESSIVE;
				GCC_WARN_UNUSED_FUNCTION = YES;
				GCC_WARN_UNUSED_VARIABLE = YES;
				IPHONEOS_DEPLOYMENT_TARGET = 9.0;
				MTL_ENABLE_DEBUG_INFO = YES;
				ONLY_ACTIVE_ARCH = YES;
				SDKROOT = iphoneos;
				SWIFT_OPTIMIZATION_LEVEL = "-Onone";
				TARGETED_DEVICE_FAMILY = "1,2";
			};
			name = Debug;
		};
		A6B0F4521BB1533E00C263B4 /* Release */ = {
			isa = XCBuildConfiguration;
			buildSettings = {
				ALWAYS_SEARCH_USER_PATHS = NO;
				CLANG_CXX_LANGUAGE_STANDARD = "gnu++0x";
				CLANG_CXX_LIBRARY = "libc++";
				CLANG_ENABLE_MODULES = YES;
				CLANG_ENABLE_OBJC_ARC = YES;
				CLANG_WARN_BOOL_CONVERSION = YES;
				CLANG_WARN_CONSTANT_CONVERSION = YES;
				CLANG_WARN_DIRECT_OBJC_ISA_USAGE = YES_ERROR;
				CLANG_WARN_EMPTY_BODY = YES;
				CLANG_WARN_ENUM_CONVERSION = YES;
				CLANG_WARN_INT_CONVERSION = YES;
				CLANG_WARN_OBJC_ROOT_CLASS = YES_ERROR;
				CLANG_WARN_UNREACHABLE_CODE = YES;
				CLANG_WARN__DUPLICATE_METHOD_MATCH = YES;
				"CODE_SIGN_IDENTITY[sdk=iphoneos*]" = "iPhone Developer";
				COPY_PHASE_STRIP = NO;
				DEBUG_INFORMATION_FORMAT = "dwarf-with-dsym";
				ENABLE_NS_ASSERTIONS = NO;
				ENABLE_STRICT_OBJC_MSGSEND = YES;
				GCC_C_LANGUAGE_STANDARD = gnu99;
				GCC_NO_COMMON_BLOCKS = YES;
				GCC_WARN_64_TO_32_BIT_CONVERSION = YES;
				GCC_WARN_ABOUT_RETURN_TYPE = YES_ERROR;
				GCC_WARN_UNDECLARED_SELECTOR = YES;
				GCC_WARN_UNINITIALIZED_AUTOS = YES_AGGRESSIVE;
				GCC_WARN_UNUSED_FUNCTION = YES;
				GCC_WARN_UNUSED_VARIABLE = YES;
				IPHONEOS_DEPLOYMENT_TARGET = 9.0;
				MTL_ENABLE_DEBUG_INFO = NO;
				SDKROOT = iphoneos;
				TARGETED_DEVICE_FAMILY = "1,2";
				VALIDATE_PRODUCT = YES;
			};
			name = Release;
		};
		A6B0F4541BB1533E00C263B4 /* Debug */ = {
			isa = XCBuildConfiguration;
			buildSettings = {
				ASSETCATALOG_COMPILER_APPICON_NAME = AppIcon;
				INFOPLIST_FILE = StudySwiftByXcode7_5/Info.plist;
				LD_RUNPATH_SEARCH_PATHS = "$(inherited) @executable_path/Frameworks";
				PRODUCT_BUNDLE_IDENTIFIER = "com.shenyan.StudySwiftByXcode7-5";
				PRODUCT_NAME = "$(TARGET_NAME)";
			};
			name = Debug;
		};
		A6B0F4551BB1533E00C263B4 /* Release */ = {
			isa = XCBuildConfiguration;
			buildSettings = {
				ASSETCATALOG_COMPILER_APPICON_NAME = AppIcon;
				INFOPLIST_FILE = StudySwiftByXcode7_5/Info.plist;
				LD_RUNPATH_SEARCH_PATHS = "$(inherited) @executable_path/Frameworks";
				PRODUCT_BUNDLE_IDENTIFIER = "com.shenyan.StudySwiftByXcode7-5";
				PRODUCT_NAME = "$(TARGET_NAME)";
			};
			name = Release;
		};
		A6B0F4571BB1533E00C263B4 /* Debug */ = {
			isa = XCBuildConfiguration;
			buildSettings = {
				BUNDLE_LOADER = "$(TEST_HOST)";
				INFOPLIST_FILE = StudySwiftByXcode7_5Tests/Info.plist;
				LD_RUNPATH_SEARCH_PATHS = "$(inherited) @executable_path/Frameworks @loader_path/Frameworks";
				PRODUCT_BUNDLE_IDENTIFIER = "com.shenyan.StudySwiftByXcode7-5Tests";
				PRODUCT_NAME = "$(TARGET_NAME)";
				TEST_HOST = "$(BUILT_PRODUCTS_DIR)/StudySwiftByXcode7_5.app/StudySwiftByXcode7_5";
			};
			name = Debug;
		};
		A6B0F4581BB1533E00C263B4 /* Release */ = {
			isa = XCBuildConfiguration;
			buildSettings = {
				BUNDLE_LOADER = "$(TEST_HOST)";
				INFOPLIST_FILE = StudySwiftByXcode7_5Tests/Info.plist;
				LD_RUNPATH_SEARCH_PATHS = "$(inherited) @executable_path/Frameworks @loader_path/Frameworks";
				PRODUCT_BUNDLE_IDENTIFIER = "com.shenyan.StudySwiftByXcode7-5Tests";
				PRODUCT_NAME = "$(TARGET_NAME)";
				TEST_HOST = "$(BUILT_PRODUCTS_DIR)/StudySwiftByXcode7_5.app/StudySwiftByXcode7_5";
			};
			name = Release;
		};
		A6B0F45A1BB1533E00C263B4 /* Debug */ = {
			isa = XCBuildConfiguration;
			buildSettings = {
				INFOPLIST_FILE = StudySwiftByXcode7_5UITests/Info.plist;
				LD_RUNPATH_SEARCH_PATHS = "$(inherited) @executable_path/Frameworks @loader_path/Frameworks";
				PRODUCT_BUNDLE_IDENTIFIER = "com.shenyan.StudySwiftByXcode7-5UITests";
				PRODUCT_NAME = "$(TARGET_NAME)";
				TEST_TARGET_NAME = StudySwiftByXcode7_5;
				USES_XCTRUNNER = YES;
			};
			name = Debug;
		};
		A6B0F45B1BB1533E00C263B4 /* Release */ = {
			isa = XCBuildConfiguration;
			buildSettings = {
				INFOPLIST_FILE = StudySwiftByXcode7_5UITests/Info.plist;
				LD_RUNPATH_SEARCH_PATHS = "$(inherited) @executable_path/Frameworks @loader_path/Frameworks";
				PRODUCT_BUNDLE_IDENTIFIER = "com.shenyan.StudySwiftByXcode7-5UITests";
				PRODUCT_NAME = "$(TARGET_NAME)";
				TEST_TARGET_NAME = StudySwiftByXcode7_5;
				USES_XCTRUNNER = YES;
			};
			name = Release;
		};
/* End XCBuildConfiguration section */

/* Begin XCConfigurationList section */
		A6B0F4261BB1533E00C263B4 /* Build configuration list for PBXProject "StudySwiftByXcode7_5" */ = {
			isa = XCConfigurationList;
			buildConfigurations = (
				A6B0F4511BB1533E00C263B4 /* Debug */,
				A6B0F4521BB1533E00C263B4 /* Release */,
			);
			defaultConfigurationIsVisible = 0;
			defaultConfigurationName = Release;
		};
		A6B0F4531BB1533E00C263B4 /* Build configuration list for PBXNativeTarget "StudySwiftByXcode7_5" */ = {
			isa = XCConfigurationList;
			buildConfigurations = (
				A6B0F4541BB1533E00C263B4 /* Debug */,
				A6B0F4551BB1533E00C263B4 /* Release */,
			);
			defaultConfigurationIsVisible = 0;
		};
		A6B0F4561BB1533E00C263B4 /* Build configuration list for PBXNativeTarget "StudySwiftByXcode7_5Tests" */ = {
			isa = XCConfigurationList;
			buildConfigurations = (
				A6B0F4571BB1533E00C263B4 /* Debug */,
				A6B0F4581BB1533E00C263B4 /* Release */,
			);
			defaultConfigurationIsVisible = 0;
		};
		A6B0F4591BB1533E00C263B4 /* Build configuration list for PBXNativeTarget "StudySwiftByXcode7_5UITests" */ = {
			isa = XCConfigurationList;
			buildConfigurations = (
				A6B0F45A1BB1533E00C263B4 /* Debug */,
				A6B0F45B1BB1533E00C263B4 /* Release */,
			);
			defaultConfigurationIsVisible = 0;
		};
/* End XCConfigurationList section */
	};
	rootObject = A6B0F4231BB1533E00C263B4 /* Project object */;
}
